// !$*UTF8*$!
{
	archiveVersion = 1;
	classes = {
	};
	objectVersion = 56;
	objects = {

/* Begin PBXBuildFile section */
		3F0A2440294BDEBE00F01C20 /* pexels-alex-conchillos-3888585@2x.jpg in Resources */ = {isa = PBXBuildFile; fileRef = 3F0A243F294BDEBE00F01C20 /* pexels-alex-conchillos-3888585@2x.jpg */; };
		3F52AF45294BB08600CFF8FB /* AppDelegate.swift in Sources */ = {isa = PBXBuildFile; fileRef = 3F52AF44294BB08600CFF8FB /* AppDelegate.swift */; };
		3F52AF47294BB08600CFF8FB /* SceneDelegate.swift in Sources */ = {isa = PBXBuildFile; fileRef = 3F52AF46294BB08600CFF8FB /* SceneDelegate.swift */; };
		3F52AF49294BB08600CFF8FB /* WeatherViewController.swift in Sources */ = {isa = PBXBuildFile; fileRef = 3F52AF48294BB08600CFF8FB /* WeatherViewController.swift */; };
		3F52AF4C294BB08600CFF8FB /* Main.storyboard in Resources */ = {isa = PBXBuildFile; fileRef = 3F52AF4A294BB08600CFF8FB /* Main.storyboard */; };
		3F52AF4E294BB08700CFF8FB /* Assets.xcassets in Resources */ = {isa = PBXBuildFile; fileRef = 3F52AF4D294BB08700CFF8FB /* Assets.xcassets */; };
		3F52AF51294BB08700CFF8FB /* LaunchScreen.storyboard in Resources */ = {isa = PBXBuildFile; fileRef = 3F52AF4F294BB08700CFF8FB /* LaunchScreen.storyboard */; };
		3F703D0D294F9DF10092F70B /* WeatherData.swift in Sources */ = {isa = PBXBuildFile; fileRef = 3F703D0C294F9DF10092F70B /* WeatherData.swift */; };
		3FAE9702295097F500F059C8 /* WeatherModel.swift in Sources */ = {isa = PBXBuildFile; fileRef = 3FAE9701295097F500F059C8 /* WeatherModel.swift */; };
		3FFCAED9294D05D90058E135 /* WeatherManager.swift in Sources */ = {isa = PBXBuildFile; fileRef = 3FFCAED8294D05D90058E135 /* WeatherManager.swift */; };
/* End PBXBuildFile section */

/* Begin PBXFileReference section */
		3F0A243F294BDEBE00F01C20 /* pexels-alex-conchillos-3888585@2x.jpg */ = {isa = PBXFileReference; lastKnownFileType = image.jpeg; path = "pexels-alex-conchillos-3888585@2x.jpg"; sourceTree = "<group>"; };
		3F52AF41294BB08600CFF8FB /* Clima.app */ = {isa = PBXFileReference; explicitFileType = wrapper.application; includeInIndex = 0; path = Clima.app; sourceTree = BUILT_PRODUCTS_DIR; };
		3F52AF44294BB08600CFF8FB /* AppDelegate.swift */ = {isa = PBXFileReference; lastKnownFileType = sourcecode.swift; path = AppDelegate.swift; sourceTree = "<group>"; };
		3F52AF46294BB08600CFF8FB /* SceneDelegate.swift */ = {isa = PBXFileReference; lastKnownFileType = sourcecode.swift; path = SceneDelegate.swift; sourceTree = "<group>"; };
		3F52AF48294BB08600CFF8FB /* WeatherViewController.swift */ = {isa = PBXFileReference; lastKnownFileType = sourcecode.swift; path = WeatherViewController.swift; sourceTree = "<group>"; };
		3F52AF4B294BB08600CFF8FB /* Base */ = {isa = PBXFileReference; lastKnownFileType = file.storyboard; name = Base; path = Base.lproj/Main.storyboard; sourceTree = "<group>"; };
		3F52AF4D294BB08700CFF8FB /* Assets.xcassets */ = {isa = PBXFileReference; lastKnownFileType = folder.assetcatalog; path = Assets.xcassets; sourceTree = "<group>"; };
		3F52AF50294BB08700CFF8FB /* Base */ = {isa = PBXFileReference; lastKnownFileType = file.storyboard; name = Base; path = Base.lproj/LaunchScreen.storyboard; sourceTree = "<group>"; };
		3F52AF52294BB08700CFF8FB /* Info.plist */ = {isa = PBXFileReference; lastKnownFileType = text.plist.xml; path = Info.plist; sourceTree = "<group>"; };
		3F703D0C294F9DF10092F70B /* WeatherData.swift */ = {isa = PBXFileReference; lastKnownFileType = sourcecode.swift; path = WeatherData.swift; sourceTree = "<group>"; };
		3FAE9701295097F500F059C8 /* WeatherModel.swift */ = {isa = PBXFileReference; lastKnownFileType = sourcecode.swift; path = WeatherModel.swift; sourceTree = "<group>"; };
		3FFCAED8294D05D90058E135 /* WeatherManager.swift */ = {isa = PBXFileReference; lastKnownFileType = sourcecode.swift; path = WeatherManager.swift; sourceTree = "<group>"; };
/* End PBXFileReference section */

/* Begin PBXFrameworksBuildPhase section */
		3F52AF3E294BB08600CFF8FB /* Frameworks */ = {
			isa = PBXFrameworksBuildPhase;
			buildActionMask = 2147483647;
			files = (
			);
			runOnlyForDeploymentPostprocessing = 0;
		};
/* End PBXFrameworksBuildPhase section */

/* Begin PBXGroup section */
		3F52AF38294BB08600CFF8FB = {
			isa = PBXGroup;
			children = (
				3F52AF43294BB08600CFF8FB /* Clima */,
				3F52AF42294BB08600CFF8FB /* Products */,
			);
			sourceTree = "<group>";
		};
		3F52AF42294BB08600CFF8FB /* Products */ = {
			isa = PBXGroup;
			children = (
				3F52AF41294BB08600CFF8FB /* Clima.app */,
			);
			name = Products;
			sourceTree = "<group>";
		};
		3F52AF43294BB08600CFF8FB /* Clima */ = {
			isa = PBXGroup;
			children = (
				3F52AF44294BB08600CFF8FB /* AppDelegate.swift */,
				3F52AF46294BB08600CFF8FB /* SceneDelegate.swift */,
				3F52AF5C294BB19700CFF8FB /* Model */,
				3F52AF59294BB0BB00CFF8FB /* Controller */,
				3F52AF58294BB09E00CFF8FB /* View */,
				3F52AF4D294BB08700CFF8FB /* Assets.xcassets */,
				3F52AF4F294BB08700CFF8FB /* LaunchScreen.storyboard */,
				3F52AF52294BB08700CFF8FB /* Info.plist */,
				3F0A243F294BDEBE00F01C20 /* pexels-alex-conchillos-3888585@2x.jpg */,
			);
			path = Clima;
			sourceTree = "<group>";
		};
		3F52AF58294BB09E00CFF8FB /* View */ = {
			isa = PBXGroup;
			children = (
				3F52AF4A294BB08600CFF8FB /* Main.storyboard */,
			);
			path = View;
			sourceTree = "<group>";
		};
		3F52AF59294BB0BB00CFF8FB /* Controller */ = {
			isa = PBXGroup;
			children = (
				3F52AF48294BB08600CFF8FB /* WeatherViewController.swift */,
			);
			path = Controller;
			sourceTree = "<group>";
		};
		3F52AF5C294BB19700CFF8FB /* Model */ = {
			isa = PBXGroup;
			children = (
				3FFCAED8294D05D90058E135 /* WeatherManager.swift */,
				3F703D0C294F9DF10092F70B /* WeatherData.swift */,
				3FAE9701295097F500F059C8 /* WeatherModel.swift */,
			);
			path = Model;
			sourceTree = "<group>";
		};
/* End PBXGroup section */

/* Begin PBXNativeTarget section */
		3F52AF40294BB08600CFF8FB /* Clima */ = {
			isa = PBXNativeTarget;
			buildConfigurationList = 3F52AF55294BB08700CFF8FB /* Build configuration list for PBXNativeTarget "Clima" */;
			buildPhases = (
				3F52AF3D294BB08600CFF8FB /* Sources */,
				3F52AF3E294BB08600CFF8FB /* Frameworks */,
				3F52AF3F294BB08600CFF8FB /* Resources */,
			);
			buildRules = (
			);
			dependencies = (
			);
			name = Clima;
			productName = Clima;
			productReference = 3F52AF41294BB08600CFF8FB /* Clima.app */;
			productType = "com.apple.product-type.application";
		};
/* End PBXNativeTarget section */

/* Begin PBXProject section */
		3F52AF39294BB08600CFF8FB /* Project object */ = {
			isa = PBXProject;
			attributes = {
				BuildIndependentTargetsInParallel = 1;
				LastSwiftUpdateCheck = 1410;
				LastUpgradeCheck = 1410;
				TargetAttributes = {
					3F52AF40294BB08600CFF8FB = {
						CreatedOnToolsVersion = 14.1;
					};
				};
			};
			buildConfigurationList = 3F52AF3C294BB08600CFF8FB /* Build configuration list for PBXProject "Clima" */;
			compatibilityVersion = "Xcode 14.0";
			developmentRegion = en;
			hasScannedForEncodings = 0;
			knownRegions = (
				en,
				Base,
			);
			mainGroup = 3F52AF38294BB08600CFF8FB;
			productRefGroup = 3F52AF42294BB08600CFF8FB /* Products */;
			projectDirPath = "";
			projectRoot = "";
			targets = (
				3F52AF40294BB08600CFF8FB /* Clima */,
			);
		};
/* End PBXProject section */

/* Begin PBXResourcesBuildPhase section */
		3F52AF3F294BB08600CFF8FB /* Resources */ = {
			isa = PBXResourcesBuildPhase;
			buildActionMask = 2147483647;
			files = (
				3F0A2440294BDEBE00F01C20 /* pexels-alex-conchillos-3888585@2x.jpg in Resources */,
				3F52AF51294BB08700CFF8FB /* LaunchScreen.storyboard in Resources */,
				3F52AF4E294BB08700CFF8FB /* Assets.xcassets in Resources */,
				3F52AF4C294BB08600CFF8FB /* Main.storyboard in Resources */,
			);
			runOnlyForDeploymentPostprocessing = 0;
		};
/* End PBXResourcesBuildPhase section */

/* Begin PBXSourcesBuildPhase section */
		3F52AF3D294BB08600CFF8FB /* Sources */ = {
			isa = PBXSourcesBuildPhase;
			buildActionMask = 2147483647;
			files = (
				3F52AF49294BB08600CFF8FB /* WeatherViewController.swift in Sources */,
				3F703D0D294F9DF10092F70B /* WeatherData.swift in Sources */,
				3F52AF45294BB08600CFF8FB /* AppDelegate.swift in Sources */,
				3FFCAED9294D05D90058E135 /* WeatherManager.swift in Sources */,
				3FAE9702295097F500F059C8 /* WeatherModel.swift in Sources */,
				3F52AF47294BB08600CFF8FB /* SceneDelegate.swift in Sources */,
			);
			runOnlyForDeploymentPostprocessing = 0;
		};
/* End PBXSourcesBuildPhase section */

/* Begin PBXVariantGroup section */
		3F52AF4A294BB08600CFF8FB /* Main.storyboard */ = {
			isa = PBXVariantGroup;
			children = (
				3F52AF4B294BB08600CFF8FB /* Base */,
			);
			name = Main.storyboard;
			sourceTree = "<group>";
		};
		3F52AF4F294BB08700CFF8FB /* LaunchScreen.storyboard */ = {
			isa = PBXVariantGroup;
			children = (
				3F52AF50294BB08700CFF8FB /* Base */,
			);
			name = LaunchScreen.storyboard;
			sourceTree = "<group>";
		};
/* End PBXVariantGroup section */

/* Begin XCBuildConfiguration section */
		3F52AF53294BB08700CFF8FB /* Debug */ = {
			isa = XCBuildConfiguration;
			buildSettings = {
				ALWAYS_SEARCH_USER_PATHS = NO;
				CLANG_ANALYZER_NONNULL = YES;
				CLANG_ANALYZER_NUMBER_OBJECT_CONVERSION = YES_AGGRESSIVE;
				CLANG_CXX_LANGUAGE_STANDARD = "gnu++20";
				CLANG_ENABLE_MODULES = YES;
				CLANG_ENABLE_OBJC_ARC = YES;
				CLANG_ENABLE_OBJC_WEAK = YES;
				CLANG_WARN_BLOCK_CAPTURE_AUTORELEASING = YES;
				CLANG_WARN_BOOL_CONVERSION = YES;
				CLANG_WARN_COMMA = YES;
				CLANG_WARN_CONSTANT_CONVERSION = YES;
				CLANG_WARN_DEPRECATED_OBJC_IMPLEMENTATIONS = YES;
				CLANG_WARN_DIRECT_OBJC_ISA_USAGE = YES_ERROR;
				CLANG_WARN_DOCUMENTATION_COMMENTS = YES;
				CLANG_WARN_EMPTY_BODY = YES;
				CLANG_WARN_ENUM_CONVERSION = YES;
				CLANG_WARN_INFINITE_RECURSION = YES;
				CLANG_WARN_INT_CONVERSION = YES;
				CLANG_WARN_NON_LITERAL_NULL_CONVERSION = YES;
				CLANG_WARN_OBJC_IMPLICIT_RETAIN_SELF = YES;
				CLANG_WARN_OBJC_LITERAL_CONVERSION = YES;
				CLANG_WARN_OBJC_ROOT_CLASS = YES_ERROR;
				CLANG_WARN_QUOTED_INCLUDE_IN_FRAMEWORK_HEADER = YES;
				CLANG_WARN_RANGE_LOOP_ANALYSIS = YES;
				CLANG_WARN_STRICT_PROTOTYPES = YES;
				CLANG_WARN_SUSPICIOUS_MOVE = YES;
				CLANG_WARN_UNGUARDED_AVAILABILITY = YES_AGGRESSIVE;
				CLANG_WARN_UNREACHABLE_CODE = YES;
				CLANG_WARN__DUPLICATE_METHOD_MATCH = YES;
				COPY_PHASE_STRIP = NO;
				DEBUG_INFORMATION_FORMAT = dwarf;
				ENABLE_STRICT_OBJC_MSGSEND = YES;
				ENABLE_TESTABILITY = YES;
				GCC_C_LANGUAGE_STANDARD = gnu11;
				GCC_DYNAMIC_NO_PIC = NO;
				GCC_NO_COMMON_BLOCKS = YES;
				GCC_OPTIMIZATION_LEVEL = 0;
				GCC_PREPROCESSOR_DEFINITIONS = (
					"DEBUG=1",
					"$(inherited)",
				);
				GCC_WARN_64_TO_32_BIT_CONVERSION = YES;
				GCC_WARN_ABOUT_RETURN_TYPE = YES_ERROR;
				GCC_WARN_UNDECLARED_SELECTOR = YES;
				GCC_WARN_UNINITIALIZED_AUTOS = YES_AGGRESSIVE;
				GCC_WARN_UNUSED_FUNCTION = YES;
				GCC_WARN_UNUSED_VARIABLE = YES;
				IPHONEOS_DEPLOYMENT_TARGET = 16.1;
				MTL_ENABLE_DEBUG_INFO = INCLUDE_SOURCE;
				MTL_FAST_MATH = YES;
				ONLY_ACTIVE_ARCH = YES;
				SDKROOT = iphoneos;
				SWIFT_ACTIVE_COMPILATION_CONDITIONS = DEBUG;
				SWIFT_OPTIMIZATION_LEVEL = "-Onone";
			};
			name = Debug;
		};
		3F52AF54294BB08700CFF8FB /* Release */ = {
			isa = XCBuildConfiguration;
			buildSettings = {
				ALWAYS_SEARCH_USER_PATHS = NO;
				CLANG_ANALYZER_NONNULL = YES;
				CLANG_ANALYZER_NUMBER_OBJECT_CONVERSION = YES_AGGRESSIVE;
				CLANG_CXX_LANGUAGE_STANDARD = "gnu++20";
				CLANG_ENABLE_MODULES = YES;
				CLANG_ENABLE_OBJC_ARC = YES;
				CLANG_ENABLE_OBJC_WEAK = YES;
				CLANG_WARN_BLOCK_CAPTURE_AUTORELEASING = YES;
				CLANG_WARN_BOOL_CONVERSION = YES;
				CLANG_WARN_COMMA = YES;
				CLANG_WARN_CONSTANT_CONVERSION = YES;
				CLANG_WARN_DEPRECATED_OBJC_IMPLEMENTATIONS = YES;
				CLANG_WARN_DIRECT_OBJC_ISA_USAGE = YES_ERROR;
				CLANG_WARN_DOCUMENTATION_COMMENTS = YES;
				CLANG_WARN_EMPTY_BODY = YES;
				CLANG_WARN_ENUM_CONVERSION = YES;
				CLANG_WARN_INFINITE_RECURSION = YES;
				CLANG_WARN_INT_CONVERSION = YES;
				CLANG_WARN_NON_LITERAL_NULL_CONVERSION = YES;
				CLANG_WARN_OBJC_IMPLICIT_RETAIN_SELF = YES;
				CLANG_WARN_OBJC_LITERAL_CONVERSION = YES;
				CLANG_WARN_OBJC_ROOT_CLASS = YES_ERROR;
				CLANG_WARN_QUOTED_INCLUDE_IN_FRAMEWORK_HEADER = YES;
				CLANG_WARN_RANGE_LOOP_ANALYSIS = YES;
				CLANG_WARN_STRICT_PROTOTYPES = YES;
				CLANG_WARN_SUSPICIOUS_MOVE = YES;
				CLANG_WARN_UNGUARDED_AVAILABILITY = YES_AGGRESSIVE;
				CLANG_WARN_UNREACHABLE_CODE = YES;
				CLANG_WARN__DUPLICATE_METHOD_MATCH = YES;
				COPY_PHASE_STRIP = NO;
				DEBUG_INFORMATION_FORMAT = "dwarf-with-dsym";
				ENABLE_NS_ASSERTIONS = NO;
				ENABLE_STRICT_OBJC_MSGSEND = YES;
				GCC_C_LANGUAGE_STANDARD = gnu11;
				GCC_NO_COMMON_BLOCKS = YES;
				GCC_WARN_64_TO_32_BIT_CONVERSION = YES;
				GCC_WARN_ABOUT_RETURN_TYPE = YES_ERROR;
				GCC_WARN_UNDECLARED_SELECTOR = YES;
				GCC_WARN_UNINITIALIZED_AUTOS = YES_AGGRESSIVE;
				GCC_WARN_UNUSED_FUNCTION = YES;
				GCC_WARN_UNUSED_VARIABLE = YES;
				IPHONEOS_DEPLOYMENT_TARGET = 16.1;
				MTL_ENABLE_DEBUG_INFO = NO;
				MTL_FAST_MATH = YES;
				SDKROOT = iphoneos;
				SWIFT_COMPILATION_MODE = wholemodule;
				SWIFT_OPTIMIZATION_LEVEL = "-O";
				VALIDATE_PRODUCT = YES;
			};
			name = Release;
		};
		3F52AF56294BB08700CFF8FB /* Debug */ = {
			isa = XCBuildConfiguration;
			buildSettings = {
				ASSETCATALOG_COMPILER_APPICON_NAME = AppIcon;
				ASSETCATALOG_COMPILER_GLOBAL_ACCENT_COLOR_NAME = AccentColor;
				CODE_SIGN_STYLE = Automatic;
				CURRENT_PROJECT_VERSION = 1;
				DEVELOPMENT_TEAM = KKZSL8VDGH;
				GENERATE_INFOPLIST_FILE = YES;
				INFOPLIST_FILE = Clima/Info.plist;
				INFOPLIST_KEY_UIApplicationSupportsIndirectInputEvents = YES;
				INFOPLIST_KEY_UILaunchStoryboardName = LaunchScreen;
				INFOPLIST_KEY_UIMainStoryboardFile = Main;
				INFOPLIST_KEY_UISupportedInterfaceOrientations_iPad = "UIInterfaceOrientationPortrait UIInterfaceOrientationPortraitUpsideDown UIInterfaceOrientationLandscapeLeft UIInterfaceOrientationLandscapeRight";
				INFOPLIST_KEY_UISupportedInterfaceOrientations_iPhone = "UIInterfaceOrientationPortrait UIInterfaceOrientationLandscapeLeft UIInterfaceOrientationLandscapeRight";
				LD_RUNPATH_SEARCH_PATHS = (
					"$(inherited)",
					"@executable_path/Frameworks",
				);
				MARKETING_VERSION = 1.0;
				PRODUCT_BUNDLE_IDENTIFIER = Apple.Clima;
				PRODUCT_NAME = "$(TARGET_NAME)";
				SWIFT_EMIT_LOC_STRINGS = YES;
				SWIFT_VERSION = 5.0;
				TARGETED_DEVICE_FAMILY = "1,2";
			};
			name = Debug;
		};
		3F52AF57294BB08700CFF8FB /* Release */ = {
			isa = XCBuildConfiguration;
			buildSettings = {
				ASSETCATALOG_COMPILER_APPICON_NAME = AppIcon;
				ASSETCATALOG_COMPILER_GLOBAL_ACCENT_COLOR_NAME = AccentColor;
				CODE_SIGN_STYLE = Automatic;
				CURRENT_PROJECT_VERSION = 1;
				DEVELOPMENT_TEAM = KKZSL8VDGH;
				GENERATE_INFOPLIST_FILE = YES;
				INFOPLIST_FILE = Clima/Info.plist;
				INFOPLIST_KEY_UIApplicationSupportsIndirectInputEvents = YES;
				INFOPLIST_KEY_UILaunchStoryboardName = LaunchScreen;
				INFOPLIST_KEY_UIMainStoryboardFile = Main;
				INFOPLIST_KEY_UISupportedInterfaceOrientations_iPad = "UIInterfaceOrientationPortrait UIInterfaceOrientationPortraitUpsideDown UIInterfaceOrientationLandscapeLeft UIInterfaceOrientationLandscapeRight";
				INFOPLIST_KEY_UISupportedInterfaceOrientations_iPhone = "UIInterfaceOrientationPortrait UIInterfaceOrientationLandscapeLeft UIInterfaceOrientationLandscapeRight";
				LD_RUNPATH_SEARCH_PATHS = (
					"$(inherited)",
					"@executable_path/Frameworks",
				);
				MARKETING_VERSION = 1.0;
				PRODUCT_BUNDLE_IDENTIFIER = Apple.Clima;
				PRODUCT_NAME = "$(TARGET_NAME)";
				SWIFT_EMIT_LOC_STRINGS = YES;
				SWIFT_VERSION = 5.0;
				TARGETED_DEVICE_FAMILY = "1,2";
			};
			name = Release;
		};
/* End XCBuildConfiguration section */

/* Begin XCConfigurationList section */
		3F52AF3C294BB08600CFF8FB /* Build configuration list for PBXProject "Clima" */ = {
			isa = XCConfigurationList;
			buildConfigurations = (
				3F52AF53294BB08700CFF8FB /* Debug */,
				3F52AF54294BB08700CFF8FB /* Release */,
			);
			defaultConfigurationIsVisible = 0;
			defaultConfigurationName = Release;
		};
		3F52AF55294BB08700CFF8FB /* Build configuration list for PBXNativeTarget "Clima" */ = {
			isa = XCConfigurationList;
			buildConfigurations = (
				3F52AF56294BB08700CFF8FB /* Debug */,
				3F52AF57294BB08700CFF8FB /* Release */,
			);
			defaultConfigurationIsVisible = 0;
			defaultConfigurationName = Release;
		};
/* End XCConfigurationList section */
	};
	rootObject = 3F52AF39294BB08600CFF8FB /* Project object */;
}
